// !$*UTF8*$!
{
	archiveVersion = 1;
	classes = {
	};
	objectVersion = 77;
	objects = {

/* Begin PBXBuildFile section */
		2D1D3AEF2CE0FBA3003EF6B3 /* FLAnimatedImage in Frameworks */ = {isa = PBXBuildFile; productRef = 2D1D3AEE2CE0FBA3003EF6B3 /* FLAnimatedImage */; };
		2D1D3AF22CE0FE10003EF6B3 /* SDWebImage in Frameworks */ = {isa = PBXBuildFile; productRef = 2D1D3AF12CE0FE10003EF6B3 /* SDWebImage */; };
		2D1D3AF42CE0FE10003EF6B3 /* SDWebImageMapKit in Frameworks */ = {isa = PBXBuildFile; productRef = 2D1D3AF32CE0FE10003EF6B3 /* SDWebImageMapKit */; };
		728F3E5C483516E3BD2A34D8 /* Pods_Bus66_Bus66UITests.framework in Frameworks */ = {isa = PBXBuildFile; fileRef = 9B91C83CADDC72B78D9B50E6 /* Pods_Bus66_Bus66UITests.framework */; };
		86645BD95469D83C3359AD7D /* Pods_Bus66Tests.framework in Frameworks */ = {isa = PBXBuildFile; fileRef = FA12BAF06B846C9A8EEC9343 /* Pods_Bus66Tests.framework */; };
/* End PBXBuildFile section */

/* Begin PBXContainerItemProxy section */
		2D784FB82CE0D829004E1591 /* PBXContainerItemProxy */ = {
			isa = PBXContainerItemProxy;
			containerPortal = 2D784F992CE0D825004E1591 /* Project object */;
			proxyType = 1;
			remoteGlobalIDString = 2D784FA02CE0D825004E1591;
			remoteInfo = Bus66;
		};
		2D784FC22CE0D829004E1591 /* PBXContainerItemProxy */ = {
			isa = PBXContainerItemProxy;
			containerPortal = 2D784F992CE0D825004E1591 /* Project object */;
			proxyType = 1;
			remoteGlobalIDString = 2D784FA02CE0D825004E1591;
			remoteInfo = Bus66;
		};
/* End PBXContainerItemProxy section */

/* Begin PBXFileReference section */
		2D784FA12CE0D825004E1591 /* Bus66.app */ = {isa = PBXFileReference; explicitFileType = wrapper.application; includeInIndex = 0; path = Bus66.app; sourceTree = BUILT_PRODUCTS_DIR; };
		2D784FB72CE0D829004E1591 /* Bus66Tests.xctest */ = {isa = PBXFileReference; explicitFileType = wrapper.cfbundle; includeInIndex = 0; path = Bus66Tests.xctest; sourceTree = BUILT_PRODUCTS_DIR; };
		2D784FC12CE0D829004E1591 /* Bus66UITests.xctest */ = {isa = PBXFileReference; explicitFileType = wrapper.cfbundle; includeInIndex = 0; path = Bus66UITests.xctest; sourceTree = BUILT_PRODUCTS_DIR; };
		66192BAE344A81C238AA9E7B /* Pods_Bus66.framework */ = {isa = PBXFileReference; explicitFileType = wrapper.framework; includeInIndex = 0; path = Pods_Bus66.framework; sourceTree = BUILT_PRODUCTS_DIR; };
		9B91C83CADDC72B78D9B50E6 /* Pods_Bus66_Bus66UITests.framework */ = {isa = PBXFileReference; explicitFileType = wrapper.framework; includeInIndex = 0; path = Pods_Bus66_Bus66UITests.framework; sourceTree = BUILT_PRODUCTS_DIR; };
		FA12BAF06B846C9A8EEC9343 /* Pods_Bus66Tests.framework */ = {isa = PBXFileReference; explicitFileType = wrapper.framework; includeInIndex = 0; path = Pods_Bus66Tests.framework; sourceTree = BUILT_PRODUCTS_DIR; };
/* End PBXFileReference section */

/* Begin PBXFileSystemSynchronizedBuildFileExceptionSet section */
		2D784FC92CE0D829004E1591 /* Exceptions for "Bus66" folder in "Bus66" target */ = {
			isa = PBXFileSystemSynchronizedBuildFileExceptionSet;
			membershipExceptions = (
				Info.plist,
			);
			target = 2D784FA02CE0D825004E1591 /* Bus66 */;
		};
/* End PBXFileSystemSynchronizedBuildFileExceptionSet section */

/* Begin PBXFileSystemSynchronizedRootGroup section */
		2D784FA32CE0D825004E1591 /* Bus66 */ = {
			isa = PBXFileSystemSynchronizedRootGroup;
			exceptions = (
				2D784FC92CE0D829004E1591 /* Exceptions for "Bus66" folder in "Bus66" target */,
			);
			path = Bus66;
			sourceTree = "<group>";
		};
		2D784FBA2CE0D829004E1591 /* Bus66Tests */ = {
			isa = PBXFileSystemSynchronizedRootGroup;
			path = Bus66Tests;
			sourceTree = "<group>";
		};
		2D784FC42CE0D829004E1591 /* Bus66UITests */ = {
			isa = PBXFileSystemSynchronizedRootGroup;
			path = Bus66UITests;
			sourceTree = "<group>";
		};
/* End PBXFileSystemSynchronizedRootGroup section */

/* Begin PBXFrameworksBuildPhase section */
		2D784F9E2CE0D825004E1591 /* Frameworks */ = {
			isa = PBXFrameworksBuildPhase;
			buildActionMask = 2147483647;
			files = (
				2D1D3AF22CE0FE10003EF6B3 /* SDWebImage in Frameworks */,
				2D1D3AF42CE0FE10003EF6B3 /* SDWebImageMapKit in Frameworks */,
				2D1D3AEF2CE0FBA3003EF6B3 /* FLAnimatedImage in Frameworks */,
			);
			runOnlyForDeploymentPostprocessing = 0;
		};
		2D784FB42CE0D829004E1591 /* Frameworks */ = {
			isa = PBXFrameworksBuildPhase;
			buildActionMask = 2147483647;
			files = (
				86645BD95469D83C3359AD7D /* Pods_Bus66Tests.framework in Frameworks */,
			);
			runOnlyForDeploymentPostprocessing = 0;
		};
		2D784FBE2CE0D829004E1591 /* Frameworks */ = {
			isa = PBXFrameworksBuildPhase;
			buildActionMask = 2147483647;
			files = (
				728F3E5C483516E3BD2A34D8 /* Pods_Bus66_Bus66UITests.framework in Frameworks */,
			);
			runOnlyForDeploymentPostprocessing = 0;
		};
/* End PBXFrameworksBuildPhase section */

/* Begin PBXGroup section */
		2D784F982CE0D825004E1591 = {
			isa = PBXGroup;
			children = (
				2D784FA32CE0D825004E1591 /* Bus66 */,
				2D784FBA2CE0D829004E1591 /* Bus66Tests */,
				2D784FC42CE0D829004E1591 /* Bus66UITests */,
				2D784FA22CE0D825004E1591 /* Products */,
				6DE42A378C7B0258CB8AF4F1 /* Frameworks */,
			);
			sourceTree = "<group>";
		};
		2D784FA22CE0D825004E1591 /* Products */ = {
			isa = PBXGroup;
			children = (
				2D784FA12CE0D825004E1591 /* Bus66.app */,
				2D784FB72CE0D829004E1591 /* Bus66Tests.xctest */,
				2D784FC12CE0D829004E1591 /* Bus66UITests.xctest */,
			);
			name = Products;
			sourceTree = "<group>";
		};
		6DE42A378C7B0258CB8AF4F1 /* Frameworks */ = {
			isa = PBXGroup;
			children = (
				66192BAE344A81C238AA9E7B /* Pods_Bus66.framework */,
				9B91C83CADDC72B78D9B50E6 /* Pods_Bus66_Bus66UITests.framework */,
				FA12BAF06B846C9A8EEC9343 /* Pods_Bus66Tests.framework */,
			);
			name = Frameworks;
			sourceTree = "<group>";
		};
/* End PBXGroup section */

/* Begin PBXNativeTarget section */
		2D784FA02CE0D825004E1591 /* Bus66 */ = {
			isa = PBXNativeTarget;
			buildConfigurationList = 2D784FCA2CE0D829004E1591 /* Build configuration list for PBXNativeTarget "Bus66" */;
			buildPhases = (
				2D784F9D2CE0D825004E1591 /* Sources */,
				2D784F9E2CE0D825004E1591 /* Frameworks */,
				2D784F9F2CE0D825004E1591 /* Resources */,
			);
			buildRules = (
			);
			dependencies = (
			);
			fileSystemSynchronizedGroups = (
				2D784FA32CE0D825004E1591 /* Bus66 */,
			);
			name = Bus66;
			productName = Bus66;
			productReference = 2D784FA12CE0D825004E1591 /* Bus66.app */;
			productType = "com.apple.product-type.application";
		};
		2D784FB62CE0D829004E1591 /* Bus66Tests */ = {
			isa = PBXNativeTarget;
			buildConfigurationList = 2D784FCF2CE0D829004E1591 /* Build configuration list for PBXNativeTarget "Bus66Tests" */;
			buildPhases = (
				BB9C0C3970409EEFDEF53B5A /* [CP] Check Pods Manifest.lock */,
				2D784FB32CE0D829004E1591 /* Sources */,
				2D784FB42CE0D829004E1591 /* Frameworks */,
				2D784FB52CE0D829004E1591 /* Resources */,
			);
			buildRules = (
			);
			dependencies = (
				2D784FB92CE0D829004E1591 /* PBXTargetDependency */,
			);
			fileSystemSynchronizedGroups = (
				2D784FBA2CE0D829004E1591 /* Bus66Tests */,
			);
			name = Bus66Tests;
			productName = Bus66Tests;
			productReference = 2D784FB72CE0D829004E1591 /* Bus66Tests.xctest */;
			productType = "com.apple.product-type.bundle.unit-test";
		};
		2D784FC02CE0D829004E1591 /* Bus66UITests */ = {
			isa = PBXNativeTarget;
			buildConfigurationList = 2D784FD22CE0D829004E1591 /* Build configuration list for PBXNativeTarget "Bus66UITests" */;
			buildPhases = (
				04C72B06098EF1FF8E8A698F /* [CP] Check Pods Manifest.lock */,
				2D784FBD2CE0D829004E1591 /* Sources */,
				2D784FBE2CE0D829004E1591 /* Frameworks */,
				2D784FBF2CE0D829004E1591 /* Resources */,
				73E11E02C57A1D9C432BC8A7 /* [CP] Embed Pods Frameworks */,
			);
			buildRules = (
			);
			dependencies = (
				2D784FC32CE0D829004E1591 /* PBXTargetDependency */,
			);
			fileSystemSynchronizedGroups = (
				2D784FC42CE0D829004E1591 /* Bus66UITests */,
			);
			name = Bus66UITests;
			productName = Bus66UITests;
			productReference = 2D784FC12CE0D829004E1591 /* Bus66UITests.xctest */;
			productType = "com.apple.product-type.bundle.ui-testing";
		};
/* End PBXNativeTarget section */

/* Begin PBXProject section */
		2D784F992CE0D825004E1591 /* Project object */ = {
			isa = PBXProject;
			attributes = {
				BuildIndependentTargetsInParallel = 1;
				LastSwiftUpdateCheck = 1610;
				LastUpgradeCheck = 1610;
				TargetAttributes = {
					2D784FA02CE0D825004E1591 = {
						CreatedOnToolsVersion = 16.1;
					};
					2D784FB62CE0D829004E1591 = {
						CreatedOnToolsVersion = 16.1;
						TestTargetID = 2D784FA02CE0D825004E1591;
					};
					2D784FC02CE0D829004E1591 = {
						CreatedOnToolsVersion = 16.1;
						TestTargetID = 2D784FA02CE0D825004E1591;
					};
				};
			};
			buildConfigurationList = 2D784F9C2CE0D825004E1591 /* Build configuration list for PBXProject "Bus66" */;
			developmentRegion = en;
			hasScannedForEncodings = 0;
			knownRegions = (
				en,
				Base,
			);
			mainGroup = 2D784F982CE0D825004E1591;
			minimizedProjectReferenceProxies = 1;
			packageReferences = (
				2D1D3AED2CE0FBA3003EF6B3 /* XCRemoteSwiftPackageReference "FLAnimatedImage" */,
				2D1D3AF02CE0FE10003EF6B3 /* XCRemoteSwiftPackageReference "SDWebImage" */,
			);
			preferredProjectObjectVersion = 77;
			productRefGroup = 2D784FA22CE0D825004E1591 /* Products */;
			projectDirPath = "";
			projectRoot = "";
			targets = (
				2D784FA02CE0D825004E1591 /* Bus66 */,
				2D784FB62CE0D829004E1591 /* Bus66Tests */,
				2D784FC02CE0D829004E1591 /* Bus66UITests */,
			);
		};
/* End PBXProject section */

/* Begin PBXResourcesBuildPhase section */
		2D784F9F2CE0D825004E1591 /* Resources */ = {
			isa = PBXResourcesBuildPhase;
			buildActionMask = 2147483647;
			files = (
			);
			runOnlyForDeploymentPostprocessing = 0;
		};
		2D784FB52CE0D829004E1591 /* Resources */ = {
			isa = PBXResourcesBuildPhase;
			buildActionMask = 2147483647;
			files = (
			);
			runOnlyForDeploymentPostprocessing = 0;
		};
		2D784FBF2CE0D829004E1591 /* Resources */ = {
			isa = PBXResourcesBuildPhase;
			buildActionMask = 2147483647;
			files = (
			);
			runOnlyForDeploymentPostprocessing = 0;
		};
/* End PBXResourcesBuildPhase section */

/* Begin PBXShellScriptBuildPhase section */
		04C72B06098EF1FF8E8A698F /* [CP] Check Pods Manifest.lock */ = {
			isa = PBXShellScriptBuildPhase;
			buildActionMask = 2147483647;
			files = (
			);
			inputFileListPaths = (
			);
			inputPaths = (
				"${PODS_PODFILE_DIR_PATH}/Podfile.lock",
				"${PODS_ROOT}/Manifest.lock",
			);
			name = "[CP] Check Pods Manifest.lock";
			outputFileListPaths = (
			);
			outputPaths = (
				"$(DERIVED_FILE_DIR)/Pods-Bus66-Bus66UITests-checkManifestLockResult.txt",
			);
			runOnlyForDeploymentPostprocessing = 0;
			shellPath = /bin/sh;
			shellScript = "diff \"${PODS_PODFILE_DIR_PATH}/Podfile.lock\" \"${PODS_ROOT}/Manifest.lock\" > /dev/null\nif [ $? != 0 ] ; then\n    # print error to STDERR\n    echo \"error: The sandbox is not in sync with the Podfile.lock. Run 'pod install' or update your CocoaPods installation.\" >&2\n    exit 1\nfi\n# This output is used by Xcode 'outputs' to avoid re-running this script phase.\necho \"SUCCESS\" > \"${SCRIPT_OUTPUT_FILE_0}\"\n";
			showEnvVarsInLog = 0;
		};
		73E11E02C57A1D9C432BC8A7 /* [CP] Embed Pods Frameworks */ = {
			isa = PBXShellScriptBuildPhase;
			buildActionMask = 2147483647;
			files = (
			);
			inputFileListPaths = (
				"${PODS_ROOT}/Target Support Files/Pods-Bus66-Bus66UITests/Pods-Bus66-Bus66UITests-frameworks-${CONFIGURATION}-input-files.xcfilelist",
			);
			name = "[CP] Embed Pods Frameworks";
			outputFileListPaths = (
				"${PODS_ROOT}/Target Support Files/Pods-Bus66-Bus66UITests/Pods-Bus66-Bus66UITests-frameworks-${CONFIGURATION}-output-files.xcfilelist",
			);
			runOnlyForDeploymentPostprocessing = 0;
			shellPath = /bin/sh;
			shellScript = "\"${PODS_ROOT}/Target Support Files/Pods-Bus66-Bus66UITests/Pods-Bus66-Bus66UITests-frameworks.sh\"\n";
			showEnvVarsInLog = 0;
		};
		BB9C0C3970409EEFDEF53B5A /* [CP] Check Pods Manifest.lock */ = {
			isa = PBXShellScriptBuildPhase;
			buildActionMask = 2147483647;
			files = (
			);
			inputFileListPaths = (
			);
			inputPaths = (
				"${PODS_PODFILE_DIR_PATH}/Podfile.lock",
				"${PODS_ROOT}/Manifest.lock",
			);
			name = "[CP] Check Pods Manifest.lock";
			outputFileListPaths = (
			);
			outputPaths = (
				"$(DERIVED_FILE_DIR)/Pods-Bus66Tests-checkManifestLockResult.txt",
			);
			runOnlyForDeploymentPostprocessing = 0;
			shellPath = /bin/sh;
			shellScript = "diff \"${PODS_PODFILE_DIR_PATH}/Podfile.lock\" \"${PODS_ROOT}/Manifest.lock\" > /dev/null\nif [ $? != 0 ] ; then\n    # print error to STDERR\n    echo \"error: The sandbox is not in sync with the Podfile.lock. Run 'pod install' or update your CocoaPods installation.\" >&2\n    exit 1\nfi\n# This output is used by Xcode 'outputs' to avoid re-running this script phase.\necho \"SUCCESS\" > \"${SCRIPT_OUTPUT_FILE_0}\"\n";
			showEnvVarsInLog = 0;
		};
/* End PBXShellScriptBuildPhase section */

/* Begin PBXSourcesBuildPhase section */
		2D784F9D2CE0D825004E1591 /* Sources */ = {
			isa = PBXSourcesBuildPhase;
			buildActionMask = 2147483647;
			files = (
			);
			runOnlyForDeploymentPostprocessing = 0;
		};
		2D784FB32CE0D829004E1591 /* Sources */ = {
			isa = PBXSourcesBuildPhase;
			buildActionMask = 2147483647;
			files = (
			);
			runOnlyForDeploymentPostprocessing = 0;
		};
		2D784FBD2CE0D829004E1591 /* Sources */ = {
			isa = PBXSourcesBuildPhase;
			buildActionMask = 2147483647;
			files = (
			);
			runOnlyForDeploymentPostprocessing = 0;
		};
/* End PBXSourcesBuildPhase section */

/* Begin PBXTargetDependency section */
		2D784FB92CE0D829004E1591 /* PBXTargetDependency */ = {
			isa = PBXTargetDependency;
			target = 2D784FA02CE0D825004E1591 /* Bus66 */;
			targetProxy = 2D784FB82CE0D829004E1591 /* PBXContainerItemProxy */;
		};
		2D784FC32CE0D829004E1591 /* PBXTargetDependency */ = {
			isa = PBXTargetDependency;
			target = 2D784FA02CE0D825004E1591 /* Bus66 */;
			targetProxy = 2D784FC22CE0D829004E1591 /* PBXContainerItemProxy */;
		};
/* End PBXTargetDependency section */

/* Begin XCBuildConfiguration section */
		2D784FCB2CE0D829004E1591 /* Debug */ = {
			isa = XCBuildConfiguration;
			buildSettings = {
				ASSETCATALOG_COMPILER_APPICON_NAME = AppIcon;
				ASSETCATALOG_COMPILER_GLOBAL_ACCENT_COLOR_NAME = AccentColor;
				CODE_SIGN_ENTITLEMENTS = Bus66/Bus66.entitlements;
				CODE_SIGN_IDENTITY = "Apple Development";
				CODE_SIGN_STYLE = Automatic;
				CURRENT_PROJECT_VERSION = 1;
				DEVELOPMENT_TEAM = 7AQUZZDHG2;
				GENERATE_INFOPLIST_FILE = YES;
				INFOPLIST_FILE = Bus66/Info.plist;
				INFOPLIST_KEY_UIApplicationSupportsIndirectInputEvents = YES;
				INFOPLIST_KEY_UILaunchStoryboardName = LaunchScreen;
				INFOPLIST_KEY_UIMainStoryboardFile = Main;
				INFOPLIST_KEY_UISupportedInterfaceOrientations_iPad = "UIInterfaceOrientationPortrait UIInterfaceOrientationPortraitUpsideDown UIInterfaceOrientationLandscapeLeft UIInterfaceOrientationLandscapeRight";
				INFOPLIST_KEY_UISupportedInterfaceOrientations_iPhone = "UIInterfaceOrientationPortrait UIInterfaceOrientationLandscapeLeft UIInterfaceOrientationLandscapeRight";
				LD_RUNPATH_SEARCH_PATHS = (
					"$(inherited)",
					"@executable_path/Frameworks",
				);
				MARKETING_VERSION = 1.0;
				PRODUCT_BUNDLE_IDENTIFIER = com.Jaehyeong.Bus66;
				PRODUCT_NAME = "$(TARGET_NAME)";
				PROVISIONING_PROFILE_SPECIFIER = "";
				SWIFT_EMIT_LOC_STRINGS = YES;
				SWIFT_VERSION = 5.0;
				TARGETED_DEVICE_FAMILY = "1,2";
			};
			name = Debug;
		};
		2D784FCC2CE0D829004E1591 /* Release */ = {
			isa = XCBuildConfiguration;
			buildSettings = {
				ASSETCATALOG_COMPILER_APPICON_NAME = AppIcon;
				ASSETCATALOG_COMPILER_GLOBAL_ACCENT_COLOR_NAME = AccentColor;
				CODE_SIGN_ENTITLEMENTS = Bus66/Bus66.entitlements;
				CODE_SIGN_IDENTITY = "Apple Development";
				CODE_SIGN_STYLE = Automatic;
				CURRENT_PROJECT_VERSION = 1;
				DEVELOPMENT_TEAM = 7AQUZZDHG2;
				GENERATE_INFOPLIST_FILE = YES;
				INFOPLIST_FILE = Bus66/Info.plist;
				INFOPLIST_KEY_UIApplicationSupportsIndirectInputEvents = YES;
				INFOPLIST_KEY_UILaunchStoryboardName = LaunchScreen;
				INFOPLIST_KEY_UIMainStoryboardFile = Main;
				INFOPLIST_KEY_UISupportedInterfaceOrientations_iPad = "UIInterfaceOrientationPortrait UIInterfaceOrientationPortraitUpsideDown UIInterfaceOrientationLandscapeLeft UIInterfaceOrientationLandscapeRight";
				INFOPLIST_KEY_UISupportedInterfaceOrientations_iPhone = "UIInterfaceOrientationPortrait UIInterfaceOrientationLandscapeLeft UIInterfaceOrientationLandscapeRight";
				LD_RUNPATH_SEARCH_PATHS = (
					"$(inherited)",
					"@executable_path/Frameworks",
				);
				MARKETING_VERSION = 1.0;
				PRODUCT_BUNDLE_IDENTIFIER = com.Jaehyeong.Bus66;
				PRODUCT_NAME = "$(TARGET_NAME)";
				PROVISIONING_PROFILE_SPECIFIER = "";
				SWIFT_EMIT_LOC_STRINGS = YES;
				SWIFT_VERSION = 5.0;
				TARGETED_DEVICE_FAMILY = "1,2";
			};
			name = Release;
		};
		2D784FCD2CE0D829004E1591 /* Debug */ = {
			isa = XCBuildConfiguration;
			buildSettings = {
				ALWAYS_SEARCH_USER_PATHS = NO;
				ASSETCATALOG_COMPILER_GENERATE_SWIFT_ASSET_SYMBOL_EXTENSIONS = YES;
				CLANG_ANALYZER_NONNULL = YES;
				CLANG_ANALYZER_NUMBER_OBJECT_CONVERSION = YES_AGGRESSIVE;
				CLANG_CXX_LANGUAGE_STANDARD = "gnu++20";
				CLANG_ENABLE_MODULES = YES;
				CLANG_ENABLE_OBJC_ARC = YES;
				CLANG_ENABLE_OBJC_WEAK = YES;
				CLANG_WARN_BLOCK_CAPTURE_AUTORELEASING = YES;
				CLANG_WARN_BOOL_CONVERSION = YES;
				CLANG_WARN_COMMA = YES;
				CLANG_WARN_CONSTANT_CONVERSION = YES;
				CLANG_WARN_DEPRECATED_OBJC_IMPLEMENTATIONS = YES;
				CLANG_WARN_DIRECT_OBJC_ISA_USAGE = YES_ERROR;
				CLANG_WARN_DOCUMENTATION_COMMENTS = YES;
				CLANG_WARN_EMPTY_BODY = YES;
				CLANG_WARN_ENUM_CONVERSION = YES;
				CLANG_WARN_INFINITE_RECURSION = YES;
				CLANG_WARN_INT_CONVERSION = YES;
				CLANG_WARN_NON_LITERAL_NULL_CONVERSION = YES;
				CLANG_WARN_OBJC_IMPLICIT_RETAIN_SELF = YES;
				CLANG_WARN_OBJC_LITERAL_CONVERSION = YES;
				CLANG_WARN_OBJC_ROOT_CLASS = YES_ERROR;
				CLANG_WARN_QUOTED_INCLUDE_IN_FRAMEWORK_HEADER = YES;
				CLANG_WARN_RANGE_LOOP_ANALYSIS = YES;
				CLANG_WARN_STRICT_PROTOTYPES = YES;
				CLANG_WARN_SUSPICIOUS_MOVE = YES;
				CLANG_WARN_UNGUARDED_AVAILABILITY = YES_AGGRESSIVE;
				CLANG_WARN_UNREACHABLE_CODE = YES;
				CLANG_WARN__DUPLICATE_METHOD_MATCH = YES;
				COPY_PHASE_STRIP = NO;
				DEBUG_INFORMATION_FORMAT = dwarf;
				ENABLE_STRICT_OBJC_MSGSEND = YES;
				ENABLE_TESTABILITY = YES;
				ENABLE_USER_SCRIPT_SANDBOXING = YES;
				GCC_C_LANGUAGE_STANDARD = gnu17;
				GCC_DYNAMIC_NO_PIC = NO;
				GCC_NO_COMMON_BLOCKS = YES;
				GCC_OPTIMIZATION_LEVEL = 0;
				GCC_PREPROCESSOR_DEFINITIONS = (
					"DEBUG=1",
					"$(inherited)",
				);
				GCC_WARN_64_TO_32_BIT_CONVERSION = YES;
				GCC_WARN_ABOUT_RETURN_TYPE = YES_ERROR;
				GCC_WARN_UNDECLARED_SELECTOR = YES;
				GCC_WARN_UNINITIALIZED_AUTOS = YES_AGGRESSIVE;
				GCC_WARN_UNUSED_FUNCTION = YES;
				GCC_WARN_UNUSED_VARIABLE = YES;
				IPHONEOS_DEPLOYMENT_TARGET = 18.1;
				LOCALIZATION_PREFERS_STRING_CATALOGS = YES;
				MTL_ENABLE_DEBUG_INFO = INCLUDE_SOURCE;
				MTL_FAST_MATH = YES;
				ONLY_ACTIVE_ARCH = YES;
				SDKROOT = iphoneos;
				SWIFT_ACTIVE_COMPILATION_CONDITIONS = "DEBUG $(inherited)";
				SWIFT_OPTIMIZATION_LEVEL = "-Onone";
			};
			name = Debug;
		};
		2D784FCE2CE0D829004E1591 /* Release */ = {
			isa = XCBuildConfiguration;
			buildSettings = {
				ALWAYS_SEARCH_USER_PATHS = NO;
				ASSETCATALOG_COMPILER_GENERATE_SWIFT_ASSET_SYMBOL_EXTENSIONS = YES;
				CLANG_ANALYZER_NONNULL = YES;
				CLANG_ANALYZER_NUMBER_OBJECT_CONVERSION = YES_AGGRESSIVE;
				CLANG_CXX_LANGUAGE_STANDARD = "gnu++20";
				CLANG_ENABLE_MODULES = YES;
				CLANG_ENABLE_OBJC_ARC = YES;
				CLANG_ENABLE_OBJC_WEAK = YES;
				CLANG_WARN_BLOCK_CAPTURE_AUTORELEASING = YES;
				CLANG_WARN_BOOL_CONVERSION = YES;
				CLANG_WARN_COMMA = YES;
				CLANG_WARN_CONSTANT_CONVERSION = YES;
				CLANG_WARN_DEPRECATED_OBJC_IMPLEMENTATIONS = YES;
				CLANG_WARN_DIRECT_OBJC_ISA_USAGE = YES_ERROR;
				CLANG_WARN_DOCUMENTATION_COMMENTS = YES;
				CLANG_WARN_EMPTY_BODY = YES;
				CLANG_WARN_ENUM_CONVERSION = YES;
				CLANG_WARN_INFINITE_RECURSION = YES;
				CLANG_WARN_INT_CONVERSION = YES;
				CLANG_WARN_NON_LITERAL_NULL_CONVERSION = YES;
				CLANG_WARN_OBJC_IMPLICIT_RETAIN_SELF = YES;
				CLANG_WARN_OBJC_LITERAL_CONVERSION = YES;
				CLANG_WARN_OBJC_ROOT_CLASS = YES_ERROR;
				CLANG_WARN_QUOTED_INCLUDE_IN_FRAMEWORK_HEADER = YES;
				CLANG_WARN_RANGE_LOOP_ANALYSIS = YES;
				CLANG_WARN_STRICT_PROTOTYPES = YES;
				CLANG_WARN_SUSPICIOUS_MOVE = YES;
				CLANG_WARN_UNGUARDED_AVAILABILITY = YES_AGGRESSIVE;
				CLANG_WARN_UNREACHABLE_CODE = YES;
				CLANG_WARN__DUPLICATE_METHOD_MATCH = YES;
				COPY_PHASE_STRIP = NO;
				DEBUG_INFORMATION_FORMAT = "dwarf-with-dsym";
				ENABLE_NS_ASSERTIONS = NO;
				ENABLE_STRICT_OBJC_MSGSEND = YES;
				ENABLE_USER_SCRIPT_SANDBOXING = YES;
				GCC_C_LANGUAGE_STANDARD = gnu17;
				GCC_NO_COMMON_BLOCKS = YES;
				GCC_WARN_64_TO_32_BIT_CONVERSION = YES;
				GCC_WARN_ABOUT_RETURN_TYPE = YES_ERROR;
				GCC_WARN_UNDECLARED_SELECTOR = YES;
				GCC_WARN_UNINITIALIZED_AUTOS = YES_AGGRESSIVE;
				GCC_WARN_UNUSED_FUNCTION = YES;
				GCC_WARN_UNUSED_VARIABLE = YES;
				IPHONEOS_DEPLOYMENT_TARGET = 18.1;
				LOCALIZATION_PREFERS_STRING_CATALOGS = YES;
				MTL_ENABLE_DEBUG_INFO = NO;
				MTL_FAST_MATH = YES;
				SDKROOT = iphoneos;
				SWIFT_COMPILATION_MODE = wholemodule;
				VALIDATE_PRODUCT = YES;
			};
			name = Release;
		};
		2D784FD02CE0D829004E1591 /* Debug */ = {
			isa = XCBuildConfiguration;
			buildSettings = {
				BUNDLE_LOADER = "$(TEST_HOST)";
				CODE_SIGN_STYLE = Automatic;
				CURRENT_PROJECT_VERSION = 1;
				GENERATE_INFOPLIST_FILE = YES;
				IPHONEOS_DEPLOYMENT_TARGET = 18.1;
				MARKETING_VERSION = 1.0;
				PRODUCT_BUNDLE_IDENTIFIER = com.Jaehyeong.Bus66Tests;
				PRODUCT_NAME = "$(TARGET_NAME)";
				SWIFT_EMIT_LOC_STRINGS = NO;
				SWIFT_VERSION = 5.0;
				TARGETED_DEVICE_FAMILY = "1,2";
				TEST_HOST = "$(BUILT_PRODUCTS_DIR)/Bus66.app/$(BUNDLE_EXECUTABLE_FOLDER_PATH)/Bus66";
			};
			name = Debug;
		};
		2D784FD12CE0D829004E1591 /* Release */ = {
			isa = XCBuildConfiguration;
			buildSettings = {
				BUNDLE_LOADER = "$(TEST_HOST)";
				CODE_SIGN_STYLE = Automatic;
				CURRENT_PROJECT_VERSION = 1;
				GENERATE_INFOPLIST_FILE = YES;
				IPHONEOS_DEPLOYMENT_TARGET = 18.1;
				MARKETING_VERSION = 1.0;
				PRODUCT_BUNDLE_IDENTIFIER = com.Jaehyeong.Bus66Tests;
				PRODUCT_NAME = "$(TARGET_NAME)";
				SWIFT_EMIT_LOC_STRINGS = NO;
				SWIFT_VERSION = 5.0;
				TARGETED_DEVICE_FAMILY = "1,2";
				TEST_HOST = "$(BUILT_PRODUCTS_DIR)/Bus66.app/$(BUNDLE_EXECUTABLE_FOLDER_PATH)/Bus66";
			};
			name = Release;
		};
		2D784FD32CE0D829004E1591 /* Debug */ = {
			isa = XCBuildConfiguration;
			buildSettings = {
				CODE_SIGN_STYLE = Automatic;
				CURRENT_PROJECT_VERSION = 1;
				GENERATE_INFOPLIST_FILE = YES;
				MARKETING_VERSION = 1.0;
				PRODUCT_BUNDLE_IDENTIFIER = com.Jaehyeong.Bus66UITests;
				PRODUCT_NAME = "$(TARGET_NAME)";
				SWIFT_EMIT_LOC_STRINGS = NO;
				SWIFT_VERSION = 5.0;
				TARGETED_DEVICE_FAMILY = "1,2";
				TEST_TARGET_NAME = Bus66;
			};
			name = Debug;
		};
		2D784FD42CE0D829004E1591 /* Release */ = {
			isa = XCBuildConfiguration;
			buildSettings = {
				CODE_SIGN_STYLE = Automatic;
				CURRENT_PROJECT_VERSION = 1;
				GENERATE_INFOPLIST_FILE = YES;
				MARKETING_VERSION = 1.0;
				PRODUCT_BUNDLE_IDENTIFIER = com.Jaehyeong.Bus66UITests;
				PRODUCT_NAME = "$(TARGET_NAME)";
				SWIFT_EMIT_LOC_STRINGS = NO;
				SWIFT_VERSION = 5.0;
				TARGETED_DEVICE_FAMILY = "1,2";
				TEST_TARGET_NAME = Bus66;
			};
			name = Release;
		};
/* End XCBuildConfiguration section */

/* Begin XCConfigurationList section */
		2D784F9C2CE0D825004E1591 /* Build configuration list for PBXProject "Bus66" */ = {
			isa = XCConfigurationList;
			buildConfigurations = (
				2D784FCD2CE0D829004E1591 /* Debug */,
				2D784FCE2CE0D829004E1591 /* Release */,
			);
			defaultConfigurationIsVisible = 0;
			defaultConfigurationName = Release;
		};
		2D784FCA2CE0D829004E1591 /* Build configuration list for PBXNativeTarget "Bus66" */ = {
			isa = XCConfigurationList;
			buildConfigurations = (
				2D784FCB2CE0D829004E1591 /* Debug */,
				2D784FCC2CE0D829004E1591 /* Release */,
			);
			defaultConfigurationIsVisible = 0;
			defaultConfigurationName = Release;
		};
		2D784FCF2CE0D829004E1591 /* Build configuration list for PBXNativeTarget "Bus66Tests" */ = {
			isa = XCConfigurationList;
			buildConfigurations = (
				2D784FD02CE0D829004E1591 /* Debug */,
				2D784FD12CE0D829004E1591 /* Release */,
			);
			defaultConfigurationIsVisible = 0;
			defaultConfigurationName = Release;
		};
		2D784FD22CE0D829004E1591 /* Build configuration list for PBXNativeTarget "Bus66UITests" */ = {
			isa = XCConfigurationList;
			buildConfigurations = (
				2D784FD32CE0D829004E1591 /* Debug */,
				2D784FD42CE0D829004E1591 /* Release */,
			);
			defaultConfigurationIsVisible = 0;
			defaultConfigurationName = Release;
		};
/* End XCConfigurationList section */

/* Begin XCRemoteSwiftPackageReference section */
		2D1D3AED2CE0FBA3003EF6B3 /* XCRemoteSwiftPackageReference "FLAnimatedImage" */ = {
			isa = XCRemoteSwiftPackageReference;
			repositoryURL = "https://github.com/Flipboard/FLAnimatedImage.git";
			requirement = {
				kind = upToNextMajorVersion;
				minimumVersion = 1.0.17;
			};
		};
		2D1D3AF02CE0FE10003EF6B3 /* XCRemoteSwiftPackageReference "SDWebImage" */ = {
			isa = XCRemoteSwiftPackageReference;
			repositoryURL = "https://github.com/SDWebImage/SDWebImage.git";
			requirement = {
				kind = upToNextMajorVersion;
				minimumVersion = 5.20.0;
			};
		};
/* End XCRemoteSwiftPackageReference section */

/* Begin XCSwiftPackageProductDependency section */
		2D1D3AEE2CE0FBA3003EF6B3 /* FLAnimatedImage */ = {
			isa = XCSwiftPackageProductDependency;
			package = 2D1D3AED2CE0FBA3003EF6B3 /* XCRemoteSwiftPackageReference "FLAnimatedImage" */;
			productName = FLAnimatedImage;
		};
		2D1D3AF12CE0FE10003EF6B3 /* SDWebImage */ = {
			isa = XCSwiftPackageProductDependency;
			package = 2D1D3AF02CE0FE10003EF6B3 /* XCRemoteSwiftPackageReference "SDWebImage" */;
			productName = SDWebImage;
		};
		2D1D3AF32CE0FE10003EF6B3 /* SDWebImageMapKit */ = {
			isa = XCSwiftPackageProductDependency;
			package = 2D1D3AF02CE0FE10003EF6B3 /* XCRemoteSwiftPackageReference "SDWebImage" */;
			productName = SDWebImageMapKit;
		};
/* End XCSwiftPackageProductDependency section */
	};
	rootObject = 2D784F992CE0D825004E1591 /* Project object */;
}
